// !$*UTF8*$!
{
	archiveVersion = 1;
	classes = {
	};
	objectVersion = 55;
	objects = {

/* Begin PBXBuildFile section */
		2E5E576629FDDCF300F237DC /* AppDelegate.swift in Sources */ = {isa = PBXBuildFile; fileRef = 2E5E576529FDDCF300F237DC /* AppDelegate.swift */; };
		2E5E576829FDDCF300F237DC /* SceneDelegate.swift in Sources */ = {isa = PBXBuildFile; fileRef = 2E5E576729FDDCF300F237DC /* SceneDelegate.swift */; };
		2E5E576A29FDDCF300F237DC /* ViewController.swift in Sources */ = {isa = PBXBuildFile; fileRef = 2E5E576929FDDCF300F237DC /* ViewController.swift */; };
		2E5E576D29FDDCF300F237DC /* Main.storyboard in Resources */ = {isa = PBXBuildFile; fileRef = 2E5E576B29FDDCF300F237DC /* Main.storyboard */; };
		2E5E576F29FDDCF400F237DC /* Assets.xcassets in Resources */ = {isa = PBXBuildFile; fileRef = 2E5E576E29FDDCF400F237DC /* Assets.xcassets */; };
		2E5E577229FDDCF400F237DC /* LaunchScreen.storyboard in Resources */ = {isa = PBXBuildFile; fileRef = 2E5E577029FDDCF400F237DC /* LaunchScreen.storyboard */; };
		2E5E577D29FDDCF500F237DC /* Ayden_Final_TikTakToeTests.swift in Sources */ = {isa = PBXBuildFile; fileRef = 2E5E577C29FDDCF500F237DC /* Ayden_Final_TikTakToeTests.swift */; };
		2E5E578729FDDCF500F237DC /* Ayden_Final_TikTakToeUITests.swift in Sources */ = {isa = PBXBuildFile; fileRef = 2E5E578629FDDCF500F237DC /* Ayden_Final_TikTakToeUITests.swift */; };
		2E5E578929FDDCF500F237DC /* Ayden_Final_TikTakToeUITestsLaunchTests.swift in Sources */ = {isa = PBXBuildFile; fileRef = 2E5E578829FDDCF500F237DC /* Ayden_Final_TikTakToeUITestsLaunchTests.swift */; };
/* End PBXBuildFile section */

/* Begin PBXContainerItemProxy section */
		2E5E577929FDDCF500F237DC /* PBXContainerItemProxy */ = {
			isa = PBXContainerItemProxy;
			containerPortal = 2E5E575A29FDDCF300F237DC /* Project object */;
			proxyType = 1;
			remoteGlobalIDString = 2E5E576129FDDCF300F237DC;
			remoteInfo = "Ayden Final TikTakToe";
		};
		2E5E578329FDDCF500F237DC /* PBXContainerItemProxy */ = {
			isa = PBXContainerItemProxy;
			containerPortal = 2E5E575A29FDDCF300F237DC /* Project object */;
			proxyType = 1;
			remoteGlobalIDString = 2E5E576129FDDCF300F237DC;
			remoteInfo = "Ayden Final TikTakToe";
		};
/* End PBXContainerItemProxy section */

/* Begin PBXFileReference section */
		2E5E576229FDDCF300F237DC /* Ayden Final TikTakToe.app */ = {isa = PBXFileReference; explicitFileType = wrapper.application; includeInIndex = 0; path = "Ayden Final TikTakToe.app"; sourceTree = BUILT_PRODUCTS_DIR; };
		2E5E576529FDDCF300F237DC /* AppDelegate.swift */ = {isa = PBXFileReference; lastKnownFileType = sourcecode.swift; path = AppDelegate.swift; sourceTree = "<group>"; };
		2E5E576729FDDCF300F237DC /* SceneDelegate.swift */ = {isa = PBXFileReference; lastKnownFileType = sourcecode.swift; path = SceneDelegate.swift; sourceTree = "<group>"; };
		2E5E576929FDDCF300F237DC /* ViewController.swift */ = {isa = PBXFileReference; lastKnownFileType = sourcecode.swift; path = ViewController.swift; sourceTree = "<group>"; };
		2E5E576C29FDDCF300F237DC /* Base */ = {isa = PBXFileReference; lastKnownFileType = file.storyboard; name = Base; path = Base.lproj/Main.storyboard; sourceTree = "<group>"; };
		2E5E576E29FDDCF400F237DC /* Assets.xcassets */ = {isa = PBXFileReference; lastKnownFileType = folder.assetcatalog; path = Assets.xcassets; sourceTree = "<group>"; };
		2E5E577129FDDCF400F237DC /* Base */ = {isa = PBXFileReference; lastKnownFileType = file.storyboard; name = Base; path = Base.lproj/LaunchScreen.storyboard; sourceTree = "<group>"; };
		2E5E577329FDDCF400F237DC /* Info.plist */ = {isa = PBXFileReference; lastKnownFileType = text.plist.xml; path = Info.plist; sourceTree = "<group>"; };
		2E5E577829FDDCF500F237DC /* Ayden Final TikTakToeTests.xctest */ = {isa = PBXFileReference; explicitFileType = wrapper.cfbundle; includeInIndex = 0; path = "Ayden Final TikTakToeTests.xctest"; sourceTree = BUILT_PRODUCTS_DIR; };
		2E5E577C29FDDCF500F237DC /* Ayden_Final_TikTakToeTests.swift */ = {isa = PBXFileReference; lastKnownFileType = sourcecode.swift; path = Ayden_Final_TikTakToeTests.swift; sourceTree = "<group>"; };
		2E5E578229FDDCF500F237DC /* Ayden Final TikTakToeUITests.xctest */ = {isa = PBXFileReference; explicitFileType = wrapper.cfbundle; includeInIndex = 0; path = "Ayden Final TikTakToeUITests.xctest"; sourceTree = BUILT_PRODUCTS_DIR; };
		2E5E578629FDDCF500F237DC /* Ayden_Final_TikTakToeUITests.swift */ = {isa = PBXFileReference; lastKnownFileType = sourcecode.swift; path = Ayden_Final_TikTakToeUITests.swift; sourceTree = "<group>"; };
		2E5E578829FDDCF500F237DC /* Ayden_Final_TikTakToeUITestsLaunchTests.swift */ = {isa = PBXFileReference; lastKnownFileType = sourcecode.swift; path = Ayden_Final_TikTakToeUITestsLaunchTests.swift; sourceTree = "<group>"; };
/* End PBXFileReference section */

/* Begin PBXFrameworksBuildPhase section */
		2E5E575F29FDDCF300F237DC /* Frameworks */ = {
			isa = PBXFrameworksBuildPhase;
			buildActionMask = 2147483647;
			files = (
			);
			runOnlyForDeploymentPostprocessing = 0;
		};
		2E5E577529FDDCF500F237DC /* Frameworks */ = {
			isa = PBXFrameworksBuildPhase;
			buildActionMask = 2147483647;
			files = (
			);
			runOnlyForDeploymentPostprocessing = 0;
		};
		2E5E577F29FDDCF500F237DC /* Frameworks */ = {
			isa = PBXFrameworksBuildPhase;
			buildActionMask = 2147483647;
			files = (
			);
			runOnlyForDeploymentPostprocessing = 0;
		};
/* End PBXFrameworksBuildPhase section */

/* Begin PBXGroup section */
		2E5E575929FDDCF300F237DC = {
			isa = PBXGroup;
			children = (
				2E5E576429FDDCF300F237DC /* Ayden Final TikTakToe */,
				2E5E577B29FDDCF500F237DC /* Ayden Final TikTakToeTests */,
				2E5E578529FDDCF500F237DC /* Ayden Final TikTakToeUITests */,
				2E5E576329FDDCF300F237DC /* Products */,
			);
			sourceTree = "<group>";
		};
		2E5E576329FDDCF300F237DC /* Products */ = {
			isa = PBXGroup;
			children = (
				2E5E576229FDDCF300F237DC /* Ayden Final TikTakToe.app */,
				2E5E577829FDDCF500F237DC /* Ayden Final TikTakToeTests.xctest */,
				2E5E578229FDDCF500F237DC /* Ayden Final TikTakToeUITests.xctest */,
			);
			name = Products;
			sourceTree = "<group>";
		};
		2E5E576429FDDCF300F237DC /* Ayden Final TikTakToe */ = {
			isa = PBXGroup;
			children = (
				2E5E576529FDDCF300F237DC /* AppDelegate.swift */,
				2E5E576729FDDCF300F237DC /* SceneDelegate.swift */,
				2E5E576929FDDCF300F237DC /* ViewController.swift */,
				2E5E576B29FDDCF300F237DC /* Main.storyboard */,
				2E5E576E29FDDCF400F237DC /* Assets.xcassets */,
				2E5E577029FDDCF400F237DC /* LaunchScreen.storyboard */,
				2E5E577329FDDCF400F237DC /* Info.plist */,
			);
			path = "Ayden Final TikTakToe";
			sourceTree = "<group>";
		};
		2E5E577B29FDDCF500F237DC /* Ayden Final TikTakToeTests */ = {
			isa = PBXGroup;
			children = (
				2E5E577C29FDDCF500F237DC /* Ayden_Final_TikTakToeTests.swift */,
			);
			path = "Ayden Final TikTakToeTests";
			sourceTree = "<group>";
		};
		2E5E578529FDDCF500F237DC /* Ayden Final TikTakToeUITests */ = {
			isa = PBXGroup;
			children = (
				2E5E578629FDDCF500F237DC /* Ayden_Final_TikTakToeUITests.swift */,
				2E5E578829FDDCF500F237DC /* Ayden_Final_TikTakToeUITestsLaunchTests.swift */,
			);
			path = "Ayden Final TikTakToeUITests";
			sourceTree = "<group>";
		};
/* End PBXGroup section */

/* Begin PBXNativeTarget section */
		2E5E576129FDDCF300F237DC /* Ayden Final TikTakToe */ = {
			isa = PBXNativeTarget;
			buildConfigurationList = 2E5E578C29FDDCF500F237DC /* Build configuration list for PBXNativeTarget "Ayden Final TikTakToe" */;
			buildPhases = (
				2E5E575E29FDDCF300F237DC /* Sources */,
				2E5E575F29FDDCF300F237DC /* Frameworks */,
				2E5E576029FDDCF300F237DC /* Resources */,
			);
			buildRules = (
			);
			dependencies = (
			);
			name = "Ayden Final TikTakToe";
			productName = "Ayden Final TikTakToe";
			productReference = 2E5E576229FDDCF300F237DC /* Ayden Final TikTakToe.app */;
			productType = "com.apple.product-type.application";
		};
		2E5E577729FDDCF500F237DC /* Ayden Final TikTakToeTests */ = {
			isa = PBXNativeTarget;
			buildConfigurationList = 2E5E578F29FDDCF500F237DC /* Build configuration list for PBXNativeTarget "Ayden Final TikTakToeTests" */;
			buildPhases = (
				2E5E577429FDDCF500F237DC /* Sources */,
				2E5E577529FDDCF500F237DC /* Frameworks */,
				2E5E577629FDDCF500F237DC /* Resources */,
			);
			buildRules = (
			);
			dependencies = (
				2E5E577A29FDDCF500F237DC /* PBXTargetDependency */,
			);
			name = "Ayden Final TikTakToeTests";
			productName = "Ayden Final TikTakToeTests";
			productReference = 2E5E577829FDDCF500F237DC /* Ayden Final TikTakToeTests.xctest */;
			productType = "com.apple.product-type.bundle.unit-test";
		};
		2E5E578129FDDCF500F237DC /* Ayden Final TikTakToeUITests */ = {
			isa = PBXNativeTarget;
			buildConfigurationList = 2E5E579229FDDCF500F237DC /* Build configuration list for PBXNativeTarget "Ayden Final TikTakToeUITests" */;
			buildPhases = (
				2E5E577E29FDDCF500F237DC /* Sources */,
				2E5E577F29FDDCF500F237DC /* Frameworks */,
				2E5E578029FDDCF500F237DC /* Resources */,
			);
			buildRules = (
			);
			dependencies = (
				2E5E578429FDDCF500F237DC /* PBXTargetDependency */,
			);
			name = "Ayden Final TikTakToeUITests";
			productName = "Ayden Final TikTakToeUITests";
			productReference = 2E5E578229FDDCF500F237DC /* Ayden Final TikTakToeUITests.xctest */;
			productType = "com.apple.product-type.bundle.ui-testing";
		};
/* End PBXNativeTarget section */

/* Begin PBXProject section */
		2E5E575A29FDDCF300F237DC /* Project object */ = {
			isa = PBXProject;
			attributes = {
				BuildIndependentTargetsInParallel = 1;
				LastSwiftUpdateCheck = 1320;
				LastUpgradeCheck = 1320;
				TargetAttributes = {
					2E5E576129FDDCF300F237DC = {
						CreatedOnToolsVersion = 13.2.1;
					};
					2E5E577729FDDCF500F237DC = {
						CreatedOnToolsVersion = 13.2.1;
						TestTargetID = 2E5E576129FDDCF300F237DC;
					};
					2E5E578129FDDCF500F237DC = {
						CreatedOnToolsVersion = 13.2.1;
						TestTargetID = 2E5E576129FDDCF300F237DC;
					};
				};
			};
			buildConfigurationList = 2E5E575D29FDDCF300F237DC /* Build configuration list for PBXProject "Ayden Final TikTakToe" */;
			compatibilityVersion = "Xcode 13.0";
			developmentRegion = en;
			hasScannedForEncodings = 0;
			knownRegions = (
				en,
				Base,
			);
			mainGroup = 2E5E575929FDDCF300F237DC;
			productRefGroup = 2E5E576329FDDCF300F237DC /* Products */;
			projectDirPath = "";
			projectRoot = "";
			targets = (
				2E5E576129FDDCF300F237DC /* Ayden Final TikTakToe */,
				2E5E577729FDDCF500F237DC /* Ayden Final TikTakToeTests */,
				2E5E578129FDDCF500F237DC /* Ayden Final TikTakToeUITests */,
			);
		};
/* End PBXProject section */

/* Begin PBXResourcesBuildPhase section */
		2E5E576029FDDCF300F237DC /* Resources */ = {
			isa = PBXResourcesBuildPhase;
			buildActionMask = 2147483647;
			files = (
				2E5E577229FDDCF400F237DC /* LaunchScreen.storyboard in Resources */,
				2E5E576F29FDDCF400F237DC /* Assets.xcassets in Resources */,
				2E5E576D29FDDCF300F237DC /* Main.storyboard in Resources */,
			);
			runOnlyForDeploymentPostprocessing = 0;
		};
		2E5E577629FDDCF500F237DC /* Resources */ = {
			isa = PBXResourcesBuildPhase;
			buildActionMask = 2147483647;
			files = (
			);
			runOnlyForDeploymentPostprocessing = 0;
		};
		2E5E578029FDDCF500F237DC /* Resources */ = {
			isa = PBXResourcesBuildPhase;
			buildActionMask = 2147483647;
			files = (
			);
			runOnlyForDeploymentPostprocessing = 0;
		};
/* End PBXResourcesBuildPhase section */

/* Begin PBXSourcesBuildPhase section */
		2E5E575E29FDDCF300F237DC /* Sources */ = {
			isa = PBXSourcesBuildPhase;
			buildActionMask = 2147483647;
			files = (
				2E5E576A29FDDCF300F237DC /* ViewController.swift in Sources */,
				2E5E576629FDDCF300F237DC /* AppDelegate.swift in Sources */,
				2E5E576829FDDCF300F237DC /* SceneDelegate.swift in Sources */,
			);
			runOnlyForDeploymentPostprocessing = 0;
		};
		2E5E577429FDDCF500F237DC /* Sources */ = {
			isa = PBXSourcesBuildPhase;
			buildActionMask = 2147483647;
			files = (
				2E5E577D29FDDCF500F237DC /* Ayden_Final_TikTakToeTests.swift in Sources */,
			);
			runOnlyForDeploymentPostprocessing = 0;
		};
		2E5E577E29FDDCF500F237DC /* Sources */ = {
			isa = PBXSourcesBuildPhase;
			buildActionMask = 2147483647;
			files = (
				2E5E578929FDDCF500F237DC /* Ayden_Final_TikTakToeUITestsLaunchTests.swift in Sources */,
				2E5E578729FDDCF500F237DC /* Ayden_Final_TikTakToeUITests.swift in Sources */,
			);
			runOnlyForDeploymentPostprocessing = 0;
		};
/* End PBXSourcesBuildPhase section */

/* Begin PBXTargetDependency section */
		2E5E577A29FDDCF500F237DC /* PBXTargetDependency */ = {
			isa = PBXTargetDependency;
			target = 2E5E576129FDDCF300F237DC /* Ayden Final TikTakToe */;
			targetProxy = 2E5E577929FDDCF500F237DC /* PBXContainerItemProxy */;
		};
		2E5E578429FDDCF500F237DC /* PBXTargetDependency */ = {
			isa = PBXTargetDependency;
			target = 2E5E576129FDDCF300F237DC /* Ayden Final TikTakToe */;
			targetProxy = 2E5E578329FDDCF500F237DC /* PBXContainerItemProxy */;
		};
/* End PBXTargetDependency section */

/* Begin PBXVariantGroup section */
		2E5E576B29FDDCF300F237DC /* Main.storyboard */ = {
			isa = PBXVariantGroup;
			children = (
				2E5E576C29FDDCF300F237DC /* Base */,
			);
			name = Main.storyboard;
			sourceTree = "<group>";
		};
		2E5E577029FDDCF400F237DC /* LaunchScreen.storyboard */ = {
			isa = PBXVariantGroup;
			children = (
				2E5E577129FDDCF400F237DC /* Base */,
			);
			name = LaunchScreen.storyboard;
			sourceTree = "<group>";
		};
/* End PBXVariantGroup section */

/* Begin XCBuildConfiguration section */
		2E5E578A29FDDCF500F237DC /* Debug */ = {
			isa = XCBuildConfiguration;
			buildSettings = {
				ALWAYS_SEARCH_USER_PATHS = NO;
				CLANG_ANALYZER_NONNULL = YES;
				CLANG_ANALYZER_NUMBER_OBJECT_CONVERSION = YES_AGGRESSIVE;
				CLANG_CXX_LANGUAGE_STANDARD = "gnu++17";
				CLANG_CXX_LIBRARY = "libc++";
				CLANG_ENABLE_MODULES = YES;
				CLANG_ENABLE_OBJC_ARC = YES;
				CLANG_ENABLE_OBJC_WEAK = YES;
				CLANG_WARN_BLOCK_CAPTURE_AUTORELEASING = YES;
				CLANG_WARN_BOOL_CONVERSION = YES;
				CLANG_WARN_COMMA = YES;
				CLANG_WARN_CONSTANT_CONVERSION = YES;
				CLANG_WARN_DEPRECATED_OBJC_IMPLEMENTATIONS = YES;
				CLANG_WARN_DIRECT_OBJC_ISA_USAGE = YES_ERROR;
				CLANG_WARN_DOCUMENTATION_COMMENTS = YES;
				CLANG_WARN_EMPTY_BODY = YES;
				CLANG_WARN_ENUM_CONVERSION = YES;
				CLANG_WARN_INFINITE_RECURSION = YES;
				CLANG_WARN_INT_CONVERSION = YES;
				CLANG_WARN_NON_LITERAL_NULL_CONVERSION = YES;
				CLANG_WARN_OBJC_IMPLICIT_RETAIN_SELF = YES;
				CLANG_WARN_OBJC_LITERAL_CONVERSION = YES;
				CLANG_WARN_OBJC_ROOT_CLASS = YES_ERROR;
				CLANG_WARN_QUOTED_INCLUDE_IN_FRAMEWORK_HEADER = YES;
				CLANG_WARN_RANGE_LOOP_ANALYSIS = YES;
				CLANG_WARN_STRICT_PROTOTYPES = YES;
				CLANG_WARN_SUSPICIOUS_MOVE = YES;
				CLANG_WARN_UNGUARDED_AVAILABILITY = YES_AGGRESSIVE;
				CLANG_WARN_UNREACHABLE_CODE = YES;
				CLANG_WARN__DUPLICATE_METHOD_MATCH = YES;
				COPY_PHASE_STRIP = NO;
				DEBUG_INFORMATION_FORMAT = dwarf;
				ENABLE_STRICT_OBJC_MSGSEND = YES;
				ENABLE_TESTABILITY = YES;
				GCC_C_LANGUAGE_STANDARD = gnu11;
				GCC_DYNAMIC_NO_PIC = NO;
				GCC_NO_COMMON_BLOCKS = YES;
				GCC_OPTIMIZATION_LEVEL = 0;
				GCC_PREPROCESSOR_DEFINITIONS = (
					"DEBUG=1",
					"$(inherited)",
				);
				GCC_WARN_64_TO_32_BIT_CONVERSION = YES;
				GCC_WARN_ABOUT_RETURN_TYPE = YES_ERROR;
				GCC_WARN_UNDECLARED_SELECTOR = YES;
				GCC_WARN_UNINITIALIZED_AUTOS = YES_AGGRESSIVE;
				GCC_WARN_UNUSED_FUNCTION = YES;
				GCC_WARN_UNUSED_VARIABLE = YES;
				IPHONEOS_DEPLOYMENT_TARGET = 15.2;
				MTL_ENABLE_DEBUG_INFO = INCLUDE_SOURCE;
				MTL_FAST_MATH = YES;
				ONLY_ACTIVE_ARCH = YES;
				SDKROOT = iphoneos;
				SWIFT_ACTIVE_COMPILATION_CONDITIONS = DEBUG;
				SWIFT_OPTIMIZATION_LEVEL = "-Onone";
			};
			name = Debug;
		};
		2E5E578B29FDDCF500F237DC /* Release */ = {
			isa = XCBuildConfiguration;
			buildSettings = {
				ALWAYS_SEARCH_USER_PATHS = NO;
				CLANG_ANALYZER_NONNULL = YES;
				CLANG_ANALYZER_NUMBER_OBJECT_CONVERSION = YES_AGGRESSIVE;
				CLANG_CXX_LANGUAGE_STANDARD = "gnu++17";
				CLANG_CXX_LIBRARY = "libc++";
				CLANG_ENABLE_MODULES = YES;
				CLANG_ENABLE_OBJC_ARC = YES;
				CLANG_ENABLE_OBJC_WEAK = YES;
				CLANG_WARN_BLOCK_CAPTURE_AUTORELEASING = YES;
				CLANG_WARN_BOOL_CONVERSION = YES;
				CLANG_WARN_COMMA = YES;
				CLANG_WARN_CONSTANT_CONVERSION = YES;
				CLANG_WARN_DEPRECATED_OBJC_IMPLEMENTATIONS = YES;
				CLANG_WARN_DIRECT_OBJC_ISA_USAGE = YES_ERROR;
				CLANG_WARN_DOCUMENTATION_COMMENTS = YES;
				CLANG_WARN_EMPTY_BODY = YES;
				CLANG_WARN_ENUM_CONVERSION = YES;
				CLANG_WARN_INFINITE_RECURSION = YES;
				CLANG_WARN_INT_CONVERSION = YES;
				CLANG_WARN_NON_LITERAL_NULL_CONVERSION = YES;
				CLANG_WARN_OBJC_IMPLICIT_RETAIN_SELF = YES;
				CLANG_WARN_OBJC_LITERAL_CONVERSION = YES;
				CLANG_WARN_OBJC_ROOT_CLASS = YES_ERROR;
				CLANG_WARN_QUOTED_INCLUDE_IN_FRAMEWORK_HEADER = YES;
				CLANG_WARN_RANGE_LOOP_ANALYSIS = YES;
				CLANG_WARN_STRICT_PROTOTYPES = YES;
				CLANG_WARN_SUSPICIOUS_MOVE = YES;
				CLANG_WARN_UNGUARDED_AVAILABILITY = YES_AGGRESSIVE;
				CLANG_WARN_UNREACHABLE_CODE = YES;
				CLANG_WARN__DUPLICATE_METHOD_MATCH = YES;
				COPY_PHASE_STRIP = NO;
				DEBUG_INFORMATION_FORMAT = "dwarf-with-dsym";
				ENABLE_NS_ASSERTIONS = NO;
				ENABLE_STRICT_OBJC_MSGSEND = YES;
				GCC_C_LANGUAGE_STANDARD = gnu11;
				GCC_NO_COMMON_BLOCKS = YES;
				GCC_WARN_64_TO_32_BIT_CONVERSION = YES;
				GCC_WARN_ABOUT_RETURN_TYPE = YES_ERROR;
				GCC_WARN_UNDECLARED_SELECTOR = YES;
				GCC_WARN_UNINITIALIZED_AUTOS = YES_AGGRESSIVE;
				GCC_WARN_UNUSED_FUNCTION = YES;
				GCC_WARN_UNUSED_VARIABLE = YES;
				IPHONEOS_DEPLOYMENT_TARGET = 15.2;
				MTL_ENABLE_DEBUG_INFO = NO;
				MTL_FAST_MATH = YES;
				SDKROOT = iphoneos;
				SWIFT_COMPILATION_MODE = wholemodule;
				SWIFT_OPTIMIZATION_LEVEL = "-O";
				VALIDATE_PRODUCT = YES;
			};
			name = Release;
		};
		2E5E578D29FDDCF500F237DC /* Debug */ = {
			isa = XCBuildConfiguration;
			buildSettings = {
				ASSETCATALOG_COMPILER_APPICON_NAME = AppIcon;
				ASSETCATALOG_COMPILER_GLOBAL_ACCENT_COLOR_NAME = AccentColor;
				CODE_SIGN_STYLE = Automatic;
				CURRENT_PROJECT_VERSION = 1;
				DEVELOPMENT_TEAM = 2U5PFCQ66M;
				GENERATE_INFOPLIST_FILE = YES;
				INFOPLIST_FILE = "Ayden Final TikTakToe/Info.plist";
				INFOPLIST_KEY_UIApplicationSupportsIndirectInputEvents = YES;
				INFOPLIST_KEY_UILaunchStoryboardName = LaunchScreen;
				INFOPLIST_KEY_UIMainStoryboardFile = Main;
				INFOPLIST_KEY_UISupportedInterfaceOrientations_iPad = "UIInterfaceOrientationPortrait UIInterfaceOrientationPortraitUpsideDown UIInterfaceOrientationLandscapeLeft UIInterfaceOrientationLandscapeRight";
				INFOPLIST_KEY_UISupportedInterfaceOrientations_iPhone = "UIInterfaceOrientationPortrait UIInterfaceOrientationLandscapeLeft UIInterfaceOrientationLandscapeRight";
				LD_RUNPATH_SEARCH_PATHS = (
					"$(inherited)",
					"@executable_path/Frameworks",
				);
				MARKETING_VERSION = 1.0;
				PRODUCT_BUNDLE_IDENTIFIER = "Aydenking.Ayden-Final-TikTakToe";
				PRODUCT_NAME = "$(TARGET_NAME)";
				SWIFT_EMIT_LOC_STRINGS = YES;
				SWIFT_VERSION = 5.0;
				TARGETED_DEVICE_FAMILY = "1,2";
			};
			name = Debug;
		};
		2E5E578E29FDDCF500F237DC /* Release */ = {
			isa = XCBuildConfiguration;
			buildSettings = {
				ASSETCATALOG_COMPILER_APPICON_NAME = AppIcon;
				ASSETCATALOG_COMPILER_GLOBAL_ACCENT_COLOR_NAME = AccentColor;
				CODE_SIGN_STYLE = Automatic;
				CURRENT_PROJECT_VERSION = 1;
				DEVELOPMENT_TEAM = 2U5PFCQ66M;
				GENERATE_INFOPLIST_FILE = YES;
				INFOPLIST_FILE = "Ayden Final TikTakToe/Info.plist";
				INFOPLIST_KEY_UIApplicationSupportsIndirectInputEvents = YES;
				INFOPLIST_KEY_UILaunchStoryboardName = LaunchScreen;
				INFOPLIST_KEY_UIMainStoryboardFile = Main;
				INFOPLIST_KEY_UISupportedInterfaceOrientations_iPad = "UIInterfaceOrientationPortrait UIInterfaceOrientationPortraitUpsideDown UIInterfaceOrientationLandscapeLeft UIInterfaceOrientationLandscapeRight";
				INFOPLIST_KEY_UISupportedInterfaceOrientations_iPhone = "UIInterfaceOrientationPortrait UIInterfaceOrientationLandscapeLeft UIInterfaceOrientationLandscapeRight";
				LD_RUNPATH_SEARCH_PATHS = (
					"$(inherited)",
					"@executable_path/Frameworks",
				);
				MARKETING_VERSION = 1.0;
				PRODUCT_BUNDLE_IDENTIFIER = "Aydenking.Ayden-Final-TikTakToe";
				PRODUCT_NAME = "$(TARGET_NAME)";
				SWIFT_EMIT_LOC_STRINGS = YES;
				SWIFT_VERSION = 5.0;
				TARGETED_DEVICE_FAMILY = "1,2";
			};
			name = Release;
		};
		2E5E579029FDDCF500F237DC /* Debug */ = {
			isa = XCBuildConfiguration;
			buildSettings = {
				ALWAYS_EMBED_SWIFT_STANDARD_LIBRARIES = YES;
				BUNDLE_LOADER = "$(TEST_HOST)";
				CODE_SIGN_STYLE = Automatic;
				CURRENT_PROJECT_VERSION = 1;
				DEVELOPMENT_TEAM = 2U5PFCQ66M;
				GENERATE_INFOPLIST_FILE = YES;
				IPHONEOS_DEPLOYMENT_TARGET = 15.2;
				MARKETING_VERSION = 1.0;
				PRODUCT_BUNDLE_IDENTIFIER = "Aydenking.Ayden-Final-TikTakToeTests";
				PRODUCT_NAME = "$(TARGET_NAME)";
				SWIFT_EMIT_LOC_STRINGS = NO;
				SWIFT_VERSION = 5.0;
				TARGETED_DEVICE_FAMILY = "1,2";
				TEST_HOST = "$(BUILT_PRODUCTS_DIR)/Ayden Final TikTakToe.app/Ayden Final TikTakToe";
			};
			name = Debug;
		};
		2E5E579129FDDCF500F237DC /* Release */ = {
			isa = XCBuildConfiguration;
			buildSettings = {
				ALWAYS_EMBED_SWIFT_STANDARD_LIBRARIES = YES;
				BUNDLE_LOADER = "$(TEST_HOST)";
				CODE_SIGN_STYLE = Automatic;
				CURRENT_PROJECT_VERSION = 1;
				DEVELOPMENT_TEAM = 2U5PFCQ66M;
				GENERATE_INFOPLIST_FILE = YES;
				IPHONEOS_DEPLOYMENT_TARGET = 15.2;
				MARKETING_VERSION = 1.0;
				PRODUCT_BUNDLE_IDENTIFIER = "Aydenking.Ayden-Final-TikTakToeTests";
				PRODUCT_NAME = "$(TARGET_NAME)";
				SWIFT_EMIT_LOC_STRINGS = NO;
				SWIFT_VERSION = 5.0;
				TARGETED_DEVICE_FAMILY = "1,2";
				TEST_HOST = "$(BUILT_PRODUCTS_DIR)/Ayden Final TikTakToe.app/Ayden Final TikTakToe";
			};
			name = Release;
		};
		2E5E579329FDDCF500F237DC /* Debug */ = {
			isa = XCBuildConfiguration;
			buildSettings = {
				ALWAYS_EMBED_SWIFT_STANDARD_LIBRARIES = YES;
				CODE_SIGN_STYLE = Automatic;
				CURRENT_PROJECT_VERSION = 1;
				DEVELOPMENT_TEAM = 2U5PFCQ66M;
				GENERATE_INFOPLIST_FILE = YES;
				MARKETING_VERSION = 1.0;
				PRODUCT_BUNDLE_IDENTIFIER = "Aydenking.Ayden-Final-TikTakToeUITests";
				PRODUCT_NAME = "$(TARGET_NAME)";
				SWIFT_EMIT_LOC_STRINGS = NO;
				SWIFT_VERSION = 5.0;
				TARGETED_DEVICE_FAMILY = "1,2";
				TEST_TARGET_NAME = "Ayden Final TikTakToe";
			};
			name = Debug;
		};
		2E5E579429FDDCF500F237DC /* Release */ = {
			isa = XCBuildConfiguration;
			buildSettings = {
				ALWAYS_EMBED_SWIFT_STANDARD_LIBRARIES = YES;
				CODE_SIGN_STYLE = Automatic;
				CURRENT_PROJECT_VERSION = 1;
				DEVELOPMENT_TEAM = 2U5PFCQ66M;
				GENERATE_INFOPLIST_FILE = YES;
				MARKETING_VERSION = 1.0;
				PRODUCT_BUNDLE_IDENTIFIER = "Aydenking.Ayden-Final-TikTakToeUITests";
				PRODUCT_NAME = "$(TARGET_NAME)";
				SWIFT_EMIT_LOC_STRINGS = NO;
				SWIFT_VERSION = 5.0;
				TARGETED_DEVICE_FAMILY = "1,2";
				TEST_TARGET_NAME = "Ayden Final TikTakToe";
			};
			name = Release;
		};
/* End XCBuildConfiguration section */

/* Begin XCConfigurationList section */
		2E5E575D29FDDCF300F237DC /* Build configuration list for PBXProject "Ayden Final TikTakToe" */ = {
			isa = XCConfigurationList;
			buildConfigurations = (
				2E5E578A29FDDCF500F237DC /* Debug */,
				2E5E578B29FDDCF500F237DC /* Release */,
			);
			defaultConfigurationIsVisible = 0;
			defaultConfigurationName = Release;
		};
		2E5E578C29FDDCF500F237DC /* Build configuration list for PBXNativeTarget "Ayden Final TikTakToe" */ = {
			isa = XCConfigurationList;
			buildConfigurations = (
				2E5E578D29FDDCF500F237DC /* Debug */,
				2E5E578E29FDDCF500F237DC /* Release */,
			);
			defaultConfigurationIsVisible = 0;
			defaultConfigurationName = Release;
		};
		2E5E578F29FDDCF500F237DC /* Build configuration list for PBXNativeTarget "Ayden Final TikTakToeTests" */ = {
			isa = XCConfigurationList;
			buildConfigurations = (
				2E5E579029FDDCF500F237DC /* Debug */,
				2E5E579129FDDCF500F237DC /* Release */,
			);
			defaultConfigurationIsVisible = 0;
			defaultConfigurationName = Release;
		};
		2E5E579229FDDCF500F237DC /* Build configuration list for PBXNativeTarget "Ayden Final TikTakToeUITests" */ = {
			isa = XCConfigurationList;
			buildConfigurations = (
				2E5E579329FDDCF500F237DC /* Debug */,
				2E5E579429FDDCF500F237DC /* Release */,
			);
			defaultConfigurationIsVisible = 0;
			defaultConfigurationName = Release;
		};
/* End XCConfigurationList section */
	};
	rootObject = 2E5E575A29FDDCF300F237DC /* Project object */;
}
