// !$*UTF8*$!
{
	archiveVersion = 1;
	classes = {
	};
	objectVersion = 55;
	objects = {

/* Begin PBXBuildFile section */
		2E5E563229FDB3C800F237DC /* AppDelegate.swift in Sources */ = {isa = PBXBuildFile; fileRef = 2E5E563129FDB3C800F237DC /* AppDelegate.swift */; };
		2E5E563429FDB3C800F237DC /* SceneDelegate.swift in Sources */ = {isa = PBXBuildFile; fileRef = 2E5E563329FDB3C800F237DC /* SceneDelegate.swift */; };
		2E5E563929FDB3C800F237DC /* Main.storyboard in Resources */ = {isa = PBXBuildFile; fileRef = 2E5E563729FDB3C800F237DC /* Main.storyboard */; };
		2E5E563B29FDB3CA00F237DC /* Assets.xcassets in Resources */ = {isa = PBXBuildFile; fileRef = 2E5E563A29FDB3CA00F237DC /* Assets.xcassets */; };
		2E5E563E29FDB3CA00F237DC /* LaunchScreen.storyboard in Resources */ = {isa = PBXBuildFile; fileRef = 2E5E563C29FDB3CA00F237DC /* LaunchScreen.storyboard */; };
		2E5E564929FDB3CA00F237DC /* GPSTests.swift in Sources */ = {isa = PBXBuildFile; fileRef = 2E5E564829FDB3CA00F237DC /* GPSTests.swift */; };
		2E5E565329FDB3CA00F237DC /* GPSUITests.swift in Sources */ = {isa = PBXBuildFile; fileRef = 2E5E565229FDB3CA00F237DC /* GPSUITests.swift */; };
		2E5E565529FDB3CA00F237DC /* GPSUITestsLaunchTests.swift in Sources */ = {isa = PBXBuildFile; fileRef = 2E5E565429FDB3CA00F237DC /* GPSUITestsLaunchTests.swift */; };
		2E5E566229FDB40A00F237DC /* ViewController.swift in Sources */ = {isa = PBXBuildFile; fileRef = 2E5E566129FDB40A00F237DC /* ViewController.swift */; };
		2E5E566429FDB44300F237DC /* GPSViewController.swift in Sources */ = {isa = PBXBuildFile; fileRef = 2E5E566329FDB44300F237DC /* GPSViewController.swift */; };
/* End PBXBuildFile section */

/* Begin PBXContainerItemProxy section */
		2E5E564529FDB3CA00F237DC /* PBXContainerItemProxy */ = {
			isa = PBXContainerItemProxy;
			containerPortal = 2E5E562629FDB3C800F237DC /* Project object */;
			proxyType = 1;
			remoteGlobalIDString = 2E5E562D29FDB3C800F237DC;
			remoteInfo = GPS;
		};
		2E5E564F29FDB3CA00F237DC /* PBXContainerItemProxy */ = {
			isa = PBXContainerItemProxy;
			containerPortal = 2E5E562629FDB3C800F237DC /* Project object */;
			proxyType = 1;
			remoteGlobalIDString = 2E5E562D29FDB3C800F237DC;
			remoteInfo = GPS;
		};
/* End PBXContainerItemProxy section */

/* Begin PBXFileReference section */
		2E5E562E29FDB3C800F237DC /* GPS.app */ = {isa = PBXFileReference; explicitFileType = wrapper.application; includeInIndex = 0; path = GPS.app; sourceTree = BUILT_PRODUCTS_DIR; };
		2E5E563129FDB3C800F237DC /* AppDelegate.swift */ = {isa = PBXFileReference; lastKnownFileType = sourcecode.swift; path = AppDelegate.swift; sourceTree = "<group>"; };
		2E5E563329FDB3C800F237DC /* SceneDelegate.swift */ = {isa = PBXFileReference; lastKnownFileType = sourcecode.swift; path = SceneDelegate.swift; sourceTree = "<group>"; };
		2E5E563829FDB3C800F237DC /* Base */ = {isa = PBXFileReference; lastKnownFileType = file.storyboard; name = Base; path = Base.lproj/Main.storyboard; sourceTree = "<group>"; };
		2E5E563A29FDB3CA00F237DC /* Assets.xcassets */ = {isa = PBXFileReference; lastKnownFileType = folder.assetcatalog; path = Assets.xcassets; sourceTree = "<group>"; };
		2E5E563D29FDB3CA00F237DC /* Base */ = {isa = PBXFileReference; lastKnownFileType = file.storyboard; name = Base; path = Base.lproj/LaunchScreen.storyboard; sourceTree = "<group>"; };
		2E5E563F29FDB3CA00F237DC /* Info.plist */ = {isa = PBXFileReference; lastKnownFileType = text.plist.xml; path = Info.plist; sourceTree = "<group>"; };
		2E5E564429FDB3CA00F237DC /* GPSTests.xctest */ = {isa = PBXFileReference; explicitFileType = wrapper.cfbundle; includeInIndex = 0; path = GPSTests.xctest; sourceTree = BUILT_PRODUCTS_DIR; };
		2E5E564829FDB3CA00F237DC /* GPSTests.swift */ = {isa = PBXFileReference; lastKnownFileType = sourcecode.swift; path = GPSTests.swift; sourceTree = "<group>"; };
		2E5E564E29FDB3CA00F237DC /* GPSUITests.xctest */ = {isa = PBXFileReference; explicitFileType = wrapper.cfbundle; includeInIndex = 0; path = GPSUITests.xctest; sourceTree = BUILT_PRODUCTS_DIR; };
		2E5E565229FDB3CA00F237DC /* GPSUITests.swift */ = {isa = PBXFileReference; lastKnownFileType = sourcecode.swift; path = GPSUITests.swift; sourceTree = "<group>"; };
		2E5E565429FDB3CA00F237DC /* GPSUITestsLaunchTests.swift */ = {isa = PBXFileReference; lastKnownFileType = sourcecode.swift; path = GPSUITestsLaunchTests.swift; sourceTree = "<group>"; };
		2E5E566129FDB40A00F237DC /* ViewController.swift */ = {isa = PBXFileReference; lastKnownFileType = sourcecode.swift; path = ViewController.swift; sourceTree = "<group>"; };
		2E5E566329FDB44300F237DC /* GPSViewController.swift */ = {isa = PBXFileReference; lastKnownFileType = sourcecode.swift; path = GPSViewController.swift; sourceTree = "<group>"; };
/* End PBXFileReference section */

/* Begin PBXFrameworksBuildPhase section */
		2E5E562B29FDB3C800F237DC /* Frameworks */ = {
			isa = PBXFrameworksBuildPhase;
			buildActionMask = 2147483647;
			files = (
			);
			runOnlyForDeploymentPostprocessing = 0;
		};
		2E5E564129FDB3CA00F237DC /* Frameworks */ = {
			isa = PBXFrameworksBuildPhase;
			buildActionMask = 2147483647;
			files = (
			);
			runOnlyForDeploymentPostprocessing = 0;
		};
		2E5E564B29FDB3CA00F237DC /* Frameworks */ = {
			isa = PBXFrameworksBuildPhase;
			buildActionMask = 2147483647;
			files = (
			);
			runOnlyForDeploymentPostprocessing = 0;
		};
/* End PBXFrameworksBuildPhase section */

/* Begin PBXGroup section */
		2E5E562529FDB3C800F237DC = {
			isa = PBXGroup;
			children = (
				2E5E563029FDB3C800F237DC /* GPS */,
				2E5E564729FDB3CA00F237DC /* GPSTests */,
				2E5E565129FDB3CA00F237DC /* GPSUITests */,
				2E5E562F29FDB3C800F237DC /* Products */,
			);
			sourceTree = "<group>";
		};
		2E5E562F29FDB3C800F237DC /* Products */ = {
			isa = PBXGroup;
			children = (
				2E5E562E29FDB3C800F237DC /* GPS.app */,
				2E5E564429FDB3CA00F237DC /* GPSTests.xctest */,
				2E5E564E29FDB3CA00F237DC /* GPSUITests.xctest */,
			);
			name = Products;
			sourceTree = "<group>";
		};
		2E5E563029FDB3C800F237DC /* GPS */ = {
			isa = PBXGroup;
			children = (
				2E5E563129FDB3C800F237DC /* AppDelegate.swift */,
				2E5E563329FDB3C800F237DC /* SceneDelegate.swift */,
				2E5E566129FDB40A00F237DC /* ViewController.swift */,
				2E5E566329FDB44300F237DC /* GPSViewController.swift */,
				2E5E563729FDB3C800F237DC /* Main.storyboard */,
				2E5E563A29FDB3CA00F237DC /* Assets.xcassets */,
				2E5E563C29FDB3CA00F237DC /* LaunchScreen.storyboard */,
				2E5E563F29FDB3CA00F237DC /* Info.plist */,
			);
			path = GPS;
			sourceTree = "<group>";
		};
		2E5E564729FDB3CA00F237DC /* GPSTests */ = {
			isa = PBXGroup;
			children = (
				2E5E564829FDB3CA00F237DC /* GPSTests.swift */,
			);
			path = GPSTests;
			sourceTree = "<group>";
		};
		2E5E565129FDB3CA00F237DC /* GPSUITests */ = {
			isa = PBXGroup;
			children = (
				2E5E565229FDB3CA00F237DC /* GPSUITests.swift */,
				2E5E565429FDB3CA00F237DC /* GPSUITestsLaunchTests.swift */,
			);
			path = GPSUITests;
			sourceTree = "<group>";
		};
/* End PBXGroup section */

/* Begin PBXNativeTarget section */
		2E5E562D29FDB3C800F237DC /* GPS */ = {
			isa = PBXNativeTarget;
			buildConfigurationList = 2E5E565829FDB3CA00F237DC /* Build configuration list for PBXNativeTarget "GPS" */;
			buildPhases = (
				2E5E562A29FDB3C800F237DC /* Sources */,
				2E5E562B29FDB3C800F237DC /* Frameworks */,
				2E5E562C29FDB3C800F237DC /* Resources */,
			);
			buildRules = (
			);
			dependencies = (
			);
			name = GPS;
			productName = GPS;
			productReference = 2E5E562E29FDB3C800F237DC /* GPS.app */;
			productType = "com.apple.product-type.application";
		};
		2E5E564329FDB3CA00F237DC /* GPSTests */ = {
			isa = PBXNativeTarget;
			buildConfigurationList = 2E5E565B29FDB3CA00F237DC /* Build configuration list for PBXNativeTarget "GPSTests" */;
			buildPhases = (
				2E5E564029FDB3CA00F237DC /* Sources */,
				2E5E564129FDB3CA00F237DC /* Frameworks */,
				2E5E564229FDB3CA00F237DC /* Resources */,
			);
			buildRules = (
			);
			dependencies = (
				2E5E564629FDB3CA00F237DC /* PBXTargetDependency */,
			);
			name = GPSTests;
			productName = GPSTests;
			productReference = 2E5E564429FDB3CA00F237DC /* GPSTests.xctest */;
			productType = "com.apple.product-type.bundle.unit-test";
		};
		2E5E564D29FDB3CA00F237DC /* GPSUITests */ = {
			isa = PBXNativeTarget;
			buildConfigurationList = 2E5E565E29FDB3CA00F237DC /* Build configuration list for PBXNativeTarget "GPSUITests" */;
			buildPhases = (
				2E5E564A29FDB3CA00F237DC /* Sources */,
				2E5E564B29FDB3CA00F237DC /* Frameworks */,
				2E5E564C29FDB3CA00F237DC /* Resources */,
			);
			buildRules = (
			);
			dependencies = (
				2E5E565029FDB3CA00F237DC /* PBXTargetDependency */,
			);
			name = GPSUITests;
			productName = GPSUITests;
			productReference = 2E5E564E29FDB3CA00F237DC /* GPSUITests.xctest */;
			productType = "com.apple.product-type.bundle.ui-testing";
		};
/* End PBXNativeTarget section */

/* Begin PBXProject section */
		2E5E562629FDB3C800F237DC /* Project object */ = {
			isa = PBXProject;
			attributes = {
				BuildIndependentTargetsInParallel = 1;
				LastSwiftUpdateCheck = 1320;
				LastUpgradeCheck = 1320;
				TargetAttributes = {
					2E5E562D29FDB3C800F237DC = {
						CreatedOnToolsVersion = 13.2.1;
					};
					2E5E564329FDB3CA00F237DC = {
						CreatedOnToolsVersion = 13.2.1;
						TestTargetID = 2E5E562D29FDB3C800F237DC;
					};
					2E5E564D29FDB3CA00F237DC = {
						CreatedOnToolsVersion = 13.2.1;
						TestTargetID = 2E5E562D29FDB3C800F237DC;
					};
				};
			};
			buildConfigurationList = 2E5E562929FDB3C800F237DC /* Build configuration list for PBXProject "GPS" */;
			compatibilityVersion = "Xcode 13.0";
			developmentRegion = en;
			hasScannedForEncodings = 0;
			knownRegions = (
				en,
				Base,
			);
			mainGroup = 2E5E562529FDB3C800F237DC;
			productRefGroup = 2E5E562F29FDB3C800F237DC /* Products */;
			projectDirPath = "";
			projectRoot = "";
			targets = (
				2E5E562D29FDB3C800F237DC /* GPS */,
				2E5E564329FDB3CA00F237DC /* GPSTests */,
				2E5E564D29FDB3CA00F237DC /* GPSUITests */,
			);
		};
/* End PBXProject section */

/* Begin PBXResourcesBuildPhase section */
		2E5E562C29FDB3C800F237DC /* Resources */ = {
			isa = PBXResourcesBuildPhase;
			buildActionMask = 2147483647;
			files = (
				2E5E563E29FDB3CA00F237DC /* LaunchScreen.storyboard in Resources */,
				2E5E563B29FDB3CA00F237DC /* Assets.xcassets in Resources */,
				2E5E563929FDB3C800F237DC /* Main.storyboard in Resources */,
			);
			runOnlyForDeploymentPostprocessing = 0;
		};
		2E5E564229FDB3CA00F237DC /* Resources */ = {
			isa = PBXResourcesBuildPhase;
			buildActionMask = 2147483647;
			files = (
			);
			runOnlyForDeploymentPostprocessing = 0;
		};
		2E5E564C29FDB3CA00F237DC /* Resources */ = {
			isa = PBXResourcesBuildPhase;
			buildActionMask = 2147483647;
			files = (
			);
			runOnlyForDeploymentPostprocessing = 0;
		};
/* End PBXResourcesBuildPhase section */

/* Begin PBXSourcesBuildPhase section */
		2E5E562A29FDB3C800F237DC /* Sources */ = {
			isa = PBXSourcesBuildPhase;
			buildActionMask = 2147483647;
			files = (
				2E5E566229FDB40A00F237DC /* ViewController.swift in Sources */,
				2E5E563229FDB3C800F237DC /* AppDelegate.swift in Sources */,
				2E5E563429FDB3C800F237DC /* SceneDelegate.swift in Sources */,
				2E5E566429FDB44300F237DC /* GPSViewController.swift in Sources */,
			);
			runOnlyForDeploymentPostprocessing = 0;
		};
		2E5E564029FDB3CA00F237DC /* Sources */ = {
			isa = PBXSourcesBuildPhase;
			buildActionMask = 2147483647;
			files = (
				2E5E564929FDB3CA00F237DC /* GPSTests.swift in Sources */,
			);
			runOnlyForDeploymentPostprocessing = 0;
		};
		2E5E564A29FDB3CA00F237DC /* Sources */ = {
			isa = PBXSourcesBuildPhase;
			buildActionMask = 2147483647;
			files = (
				2E5E565329FDB3CA00F237DC /* GPSUITests.swift in Sources */,
				2E5E565529FDB3CA00F237DC /* GPSUITestsLaunchTests.swift in Sources */,
			);
			runOnlyForDeploymentPostprocessing = 0;
		};
/* End PBXSourcesBuildPhase section */

/* Begin PBXTargetDependency section */
		2E5E564629FDB3CA00F237DC /* PBXTargetDependency */ = {
			isa = PBXTargetDependency;
			target = 2E5E562D29FDB3C800F237DC /* GPS */;
			targetProxy = 2E5E564529FDB3CA00F237DC /* PBXContainerItemProxy */;
		};
		2E5E565029FDB3CA00F237DC /* PBXTargetDependency */ = {
			isa = PBXTargetDependency;
			target = 2E5E562D29FDB3C800F237DC /* GPS */;
			targetProxy = 2E5E564F29FDB3CA00F237DC /* PBXContainerItemProxy */;
		};
/* End PBXTargetDependency section */

/* Begin PBXVariantGroup section */
		2E5E563729FDB3C800F237DC /* Main.storyboard */ = {
			isa = PBXVariantGroup;
			children = (
				2E5E563829FDB3C800F237DC /* Base */,
			);
			name = Main.storyboard;
			sourceTree = "<group>";
		};
		2E5E563C29FDB3CA00F237DC /* LaunchScreen.storyboard */ = {
			isa = PBXVariantGroup;
			children = (
				2E5E563D29FDB3CA00F237DC /* Base */,
			);
			name = LaunchScreen.storyboard;
			sourceTree = "<group>";
		};
/* End PBXVariantGroup section */

/* Begin XCBuildConfiguration section */
		2E5E565629FDB3CA00F237DC /* Debug */ = {
			isa = XCBuildConfiguration;
			buildSettings = {
				ALWAYS_SEARCH_USER_PATHS = NO;
				CLANG_ANALYZER_NONNULL = YES;
				CLANG_ANALYZER_NUMBER_OBJECT_CONVERSION = YES_AGGRESSIVE;
				CLANG_CXX_LANGUAGE_STANDARD = "gnu++17";
				CLANG_CXX_LIBRARY = "libc++";
				CLANG_ENABLE_MODULES = YES;
				CLANG_ENABLE_OBJC_ARC = YES;
				CLANG_ENABLE_OBJC_WEAK = YES;
				CLANG_WARN_BLOCK_CAPTURE_AUTORELEASING = YES;
				CLANG_WARN_BOOL_CONVERSION = YES;
				CLANG_WARN_COMMA = YES;
				CLANG_WARN_CONSTANT_CONVERSION = YES;
				CLANG_WARN_DEPRECATED_OBJC_IMPLEMENTATIONS = YES;
				CLANG_WARN_DIRECT_OBJC_ISA_USAGE = YES_ERROR;
				CLANG_WARN_DOCUMENTATION_COMMENTS = YES;
				CLANG_WARN_EMPTY_BODY = YES;
				CLANG_WARN_ENUM_CONVERSION = YES;
				CLANG_WARN_INFINITE_RECURSION = YES;
				CLANG_WARN_INT_CONVERSION = YES;
				CLANG_WARN_NON_LITERAL_NULL_CONVERSION = YES;
				CLANG_WARN_OBJC_IMPLICIT_RETAIN_SELF = YES;
				CLANG_WARN_OBJC_LITERAL_CONVERSION = YES;
				CLANG_WARN_OBJC_ROOT_CLASS = YES_ERROR;
				CLANG_WARN_QUOTED_INCLUDE_IN_FRAMEWORK_HEADER = YES;
				CLANG_WARN_RANGE_LOOP_ANALYSIS = YES;
				CLANG_WARN_STRICT_PROTOTYPES = YES;
				CLANG_WARN_SUSPICIOUS_MOVE = YES;
				CLANG_WARN_UNGUARDED_AVAILABILITY = YES_AGGRESSIVE;
				CLANG_WARN_UNREACHABLE_CODE = YES;
				CLANG_WARN__DUPLICATE_METHOD_MATCH = YES;
				COPY_PHASE_STRIP = NO;
				DEBUG_INFORMATION_FORMAT = dwarf;
				ENABLE_STRICT_OBJC_MSGSEND = YES;
				ENABLE_TESTABILITY = YES;
				GCC_C_LANGUAGE_STANDARD = gnu11;
				GCC_DYNAMIC_NO_PIC = NO;
				GCC_NO_COMMON_BLOCKS = YES;
				GCC_OPTIMIZATION_LEVEL = 0;
				GCC_PREPROCESSOR_DEFINITIONS = (
					"DEBUG=1",
					"$(inherited)",
				);
				GCC_WARN_64_TO_32_BIT_CONVERSION = YES;
				GCC_WARN_ABOUT_RETURN_TYPE = YES_ERROR;
				GCC_WARN_UNDECLARED_SELECTOR = YES;
				GCC_WARN_UNINITIALIZED_AUTOS = YES_AGGRESSIVE;
				GCC_WARN_UNUSED_FUNCTION = YES;
				GCC_WARN_UNUSED_VARIABLE = YES;
				IPHONEOS_DEPLOYMENT_TARGET = 15.2;
				MTL_ENABLE_DEBUG_INFO = INCLUDE_SOURCE;
				MTL_FAST_MATH = YES;
				ONLY_ACTIVE_ARCH = YES;
				SDKROOT = iphoneos;
				SWIFT_ACTIVE_COMPILATION_CONDITIONS = DEBUG;
				SWIFT_OPTIMIZATION_LEVEL = "-Onone";
			};
			name = Debug;
		};
		2E5E565729FDB3CA00F237DC /* Release */ = {
			isa = XCBuildConfiguration;
			buildSettings = {
				ALWAYS_SEARCH_USER_PATHS = NO;
				CLANG_ANALYZER_NONNULL = YES;
				CLANG_ANALYZER_NUMBER_OBJECT_CONVERSION = YES_AGGRESSIVE;
				CLANG_CXX_LANGUAGE_STANDARD = "gnu++17";
				CLANG_CXX_LIBRARY = "libc++";
				CLANG_ENABLE_MODULES = YES;
				CLANG_ENABLE_OBJC_ARC = YES;
				CLANG_ENABLE_OBJC_WEAK = YES;
				CLANG_WARN_BLOCK_CAPTURE_AUTORELEASING = YES;
				CLANG_WARN_BOOL_CONVERSION = YES;
				CLANG_WARN_COMMA = YES;
				CLANG_WARN_CONSTANT_CONVERSION = YES;
				CLANG_WARN_DEPRECATED_OBJC_IMPLEMENTATIONS = YES;
				CLANG_WARN_DIRECT_OBJC_ISA_USAGE = YES_ERROR;
				CLANG_WARN_DOCUMENTATION_COMMENTS = YES;
				CLANG_WARN_EMPTY_BODY = YES;
				CLANG_WARN_ENUM_CONVERSION = YES;
				CLANG_WARN_INFINITE_RECURSION = YES;
				CLANG_WARN_INT_CONVERSION = YES;
				CLANG_WARN_NON_LITERAL_NULL_CONVERSION = YES;
				CLANG_WARN_OBJC_IMPLICIT_RETAIN_SELF = YES;
				CLANG_WARN_OBJC_LITERAL_CONVERSION = YES;
				CLANG_WARN_OBJC_ROOT_CLASS = YES_ERROR;
				CLANG_WARN_QUOTED_INCLUDE_IN_FRAMEWORK_HEADER = YES;
				CLANG_WARN_RANGE_LOOP_ANALYSIS = YES;
				CLANG_WARN_STRICT_PROTOTYPES = YES;
				CLANG_WARN_SUSPICIOUS_MOVE = YES;
				CLANG_WARN_UNGUARDED_AVAILABILITY = YES_AGGRESSIVE;
				CLANG_WARN_UNREACHABLE_CODE = YES;
				CLANG_WARN__DUPLICATE_METHOD_MATCH = YES;
				COPY_PHASE_STRIP = NO;
				DEBUG_INFORMATION_FORMAT = "dwarf-with-dsym";
				ENABLE_NS_ASSERTIONS = NO;
				ENABLE_STRICT_OBJC_MSGSEND = YES;
				GCC_C_LANGUAGE_STANDARD = gnu11;
				GCC_NO_COMMON_BLOCKS = YES;
				GCC_WARN_64_TO_32_BIT_CONVERSION = YES;
				GCC_WARN_ABOUT_RETURN_TYPE = YES_ERROR;
				GCC_WARN_UNDECLARED_SELECTOR = YES;
				GCC_WARN_UNINITIALIZED_AUTOS = YES_AGGRESSIVE;
				GCC_WARN_UNUSED_FUNCTION = YES;
				GCC_WARN_UNUSED_VARIABLE = YES;
				IPHONEOS_DEPLOYMENT_TARGET = 15.2;
				MTL_ENABLE_DEBUG_INFO = NO;
				MTL_FAST_MATH = YES;
				SDKROOT = iphoneos;
				SWIFT_COMPILATION_MODE = wholemodule;
				SWIFT_OPTIMIZATION_LEVEL = "-O";
				VALIDATE_PRODUCT = YES;
			};
			name = Release;
		};
		2E5E565929FDB3CA00F237DC /* Debug */ = {
			isa = XCBuildConfiguration;
			buildSettings = {
				ASSETCATALOG_COMPILER_APPICON_NAME = AppIcon;
				ASSETCATALOG_COMPILER_GLOBAL_ACCENT_COLOR_NAME = AccentColor;
				CODE_SIGN_STYLE = Automatic;
				CURRENT_PROJECT_VERSION = 1;
				DEVELOPMENT_TEAM = 2U5PFCQ66M;
				GENERATE_INFOPLIST_FILE = YES;
				INFOPLIST_FILE = GPS/Info.plist;
				INFOPLIST_KEY_UIApplicationSupportsIndirectInputEvents = YES;
				INFOPLIST_KEY_UILaunchStoryboardName = LaunchScreen;
				INFOPLIST_KEY_UIMainStoryboardFile = Main;
				INFOPLIST_KEY_UISupportedInterfaceOrientations_iPad = "UIInterfaceOrientationPortrait UIInterfaceOrientationPortraitUpsideDown UIInterfaceOrientationLandscapeLeft UIInterfaceOrientationLandscapeRight";
				INFOPLIST_KEY_UISupportedInterfaceOrientations_iPhone = "UIInterfaceOrientationPortrait UIInterfaceOrientationLandscapeLeft UIInterfaceOrientationLandscapeRight";
				LD_RUNPATH_SEARCH_PATHS = (
					"$(inherited)",
					"@executable_path/Frameworks",
				);
				MARKETING_VERSION = 1.0;
				PRODUCT_BUNDLE_IDENTIFIER = Aydenking.GPS;
				PRODUCT_NAME = "$(TARGET_NAME)";
				SWIFT_EMIT_LOC_STRINGS = YES;
				SWIFT_VERSION = 5.0;
				TARGETED_DEVICE_FAMILY = "1,2";
			};
			name = Debug;
		};
		2E5E565A29FDB3CA00F237DC /* Release */ = {
			isa = XCBuildConfiguration;
			buildSettings = {
				ASSETCATALOG_COMPILER_APPICON_NAME = AppIcon;
				ASSETCATALOG_COMPILER_GLOBAL_ACCENT_COLOR_NAME = AccentColor;
				CODE_SIGN_STYLE = Automatic;
				CURRENT_PROJECT_VERSION = 1;
				DEVELOPMENT_TEAM = 2U5PFCQ66M;
				GENERATE_INFOPLIST_FILE = YES;
				INFOPLIST_FILE = GPS/Info.plist;
				INFOPLIST_KEY_UIApplicationSupportsIndirectInputEvents = YES;
				INFOPLIST_KEY_UILaunchStoryboardName = LaunchScreen;
				INFOPLIST_KEY_UIMainStoryboardFile = Main;
				INFOPLIST_KEY_UISupportedInterfaceOrientations_iPad = "UIInterfaceOrientationPortrait UIInterfaceOrientationPortraitUpsideDown UIInterfaceOrientationLandscapeLeft UIInterfaceOrientationLandscapeRight";
				INFOPLIST_KEY_UISupportedInterfaceOrientations_iPhone = "UIInterfaceOrientationPortrait UIInterfaceOrientationLandscapeLeft UIInterfaceOrientationLandscapeRight";
				LD_RUNPATH_SEARCH_PATHS = (
					"$(inherited)",
					"@executable_path/Frameworks",
				);
				MARKETING_VERSION = 1.0;
				PRODUCT_BUNDLE_IDENTIFIER = Aydenking.GPS;
				PRODUCT_NAME = "$(TARGET_NAME)";
				SWIFT_EMIT_LOC_STRINGS = YES;
				SWIFT_VERSION = 5.0;
				TARGETED_DEVICE_FAMILY = "1,2";
			};
			name = Release;
		};
		2E5E565C29FDB3CA00F237DC /* Debug */ = {
			isa = XCBuildConfiguration;
			buildSettings = {
				ALWAYS_EMBED_SWIFT_STANDARD_LIBRARIES = YES;
				BUNDLE_LOADER = "$(TEST_HOST)";
				CODE_SIGN_STYLE = Automatic;
				CURRENT_PROJECT_VERSION = 1;
				DEVELOPMENT_TEAM = 2U5PFCQ66M;
				GENERATE_INFOPLIST_FILE = YES;
				IPHONEOS_DEPLOYMENT_TARGET = 15.2;
				MARKETING_VERSION = 1.0;
				PRODUCT_BUNDLE_IDENTIFIER = Aydenking.GPSTests;
				PRODUCT_NAME = "$(TARGET_NAME)";
				SWIFT_EMIT_LOC_STRINGS = NO;
				SWIFT_VERSION = 5.0;
				TARGETED_DEVICE_FAMILY = "1,2";
				TEST_HOST = "$(BUILT_PRODUCTS_DIR)/GPS.app/GPS";
			};
			name = Debug;
		};
		2E5E565D29FDB3CA00F237DC /* Release */ = {
			isa = XCBuildConfiguration;
			buildSettings = {
				ALWAYS_EMBED_SWIFT_STANDARD_LIBRARIES = YES;
				BUNDLE_LOADER = "$(TEST_HOST)";
				CODE_SIGN_STYLE = Automatic;
				CURRENT_PROJECT_VERSION = 1;
				DEVELOPMENT_TEAM = 2U5PFCQ66M;
				GENERATE_INFOPLIST_FILE = YES;
				IPHONEOS_DEPLOYMENT_TARGET = 15.2;
				MARKETING_VERSION = 1.0;
				PRODUCT_BUNDLE_IDENTIFIER = Aydenking.GPSTests;
				PRODUCT_NAME = "$(TARGET_NAME)";
				SWIFT_EMIT_LOC_STRINGS = NO;
				SWIFT_VERSION = 5.0;
				TARGETED_DEVICE_FAMILY = "1,2";
				TEST_HOST = "$(BUILT_PRODUCTS_DIR)/GPS.app/GPS";
			};
			name = Release;
		};
		2E5E565F29FDB3CA00F237DC /* Debug */ = {
			isa = XCBuildConfiguration;
			buildSettings = {
				ALWAYS_EMBED_SWIFT_STANDARD_LIBRARIES = YES;
				CODE_SIGN_STYLE = Automatic;
				CURRENT_PROJECT_VERSION = 1;
				DEVELOPMENT_TEAM = 2U5PFCQ66M;
				GENERATE_INFOPLIST_FILE = YES;
				MARKETING_VERSION = 1.0;
				PRODUCT_BUNDLE_IDENTIFIER = Aydenking.GPSUITests;
				PRODUCT_NAME = "$(TARGET_NAME)";
				SWIFT_EMIT_LOC_STRINGS = NO;
				SWIFT_VERSION = 5.0;
				TARGETED_DEVICE_FAMILY = "1,2";
				TEST_TARGET_NAME = GPS;
			};
			name = Debug;
		};
		2E5E566029FDB3CA00F237DC /* Release */ = {
			isa = XCBuildConfiguration;
			buildSettings = {
				ALWAYS_EMBED_SWIFT_STANDARD_LIBRARIES = YES;
				CODE_SIGN_STYLE = Automatic;
				CURRENT_PROJECT_VERSION = 1;
				DEVELOPMENT_TEAM = 2U5PFCQ66M;
				GENERATE_INFOPLIST_FILE = YES;
				MARKETING_VERSION = 1.0;
				PRODUCT_BUNDLE_IDENTIFIER = Aydenking.GPSUITests;
				PRODUCT_NAME = "$(TARGET_NAME)";
				SWIFT_EMIT_LOC_STRINGS = NO;
				SWIFT_VERSION = 5.0;
				TARGETED_DEVICE_FAMILY = "1,2";
				TEST_TARGET_NAME = GPS;
			};
			name = Release;
		};
/* End XCBuildConfiguration section */

/* Begin XCConfigurationList section */
		2E5E562929FDB3C800F237DC /* Build configuration list for PBXProject "GPS" */ = {
			isa = XCConfigurationList;
			buildConfigurations = (
				2E5E565629FDB3CA00F237DC /* Debug */,
				2E5E565729FDB3CA00F237DC /* Release */,
			);
			defaultConfigurationIsVisible = 0;
			defaultConfigurationName = Release;
		};
		2E5E565829FDB3CA00F237DC /* Build configuration list for PBXNativeTarget "GPS" */ = {
			isa = XCConfigurationList;
			buildConfigurations = (
				2E5E565929FDB3CA00F237DC /* Debug */,
				2E5E565A29FDB3CA00F237DC /* Release */,
			);
			defaultConfigurationIsVisible = 0;
			defaultConfigurationName = Release;
		};
		2E5E565B29FDB3CA00F237DC /* Build configuration list for PBXNativeTarget "GPSTests" */ = {
			isa = XCConfigurationList;
			buildConfigurations = (
				2E5E565C29FDB3CA00F237DC /* Debug */,
				2E5E565D29FDB3CA00F237DC /* Release */,
			);
			defaultConfigurationIsVisible = 0;
			defaultConfigurationName = Release;
		};
		2E5E565E29FDB3CA00F237DC /* Build configuration list for PBXNativeTarget "GPSUITests" */ = {
			isa = XCConfigurationList;
			buildConfigurations = (
				2E5E565F29FDB3CA00F237DC /* Debug */,
				2E5E566029FDB3CA00F237DC /* Release */,
			);
			defaultConfigurationIsVisible = 0;
			defaultConfigurationName = Release;
		};
/* End XCConfigurationList section */
	};
	rootObject = 2E5E562629FDB3C800F237DC /* Project object */;
}
